# This file is automatically @generated by Wally.
# It is not intended for manual editing.
registry = "test"

[[package]]
name = "010devx101/lyra"
version = "0.6.3"
dependencies = [["GreenTea", "corecii/greentea@0.4.11"], ["Promise", "evaera/promise@4.0.0"]]

[[package]]
name = "centau/vide"
version = "0.4.0"
dependencies = []

[[package]]
name = "corecii/greentea"
version = "0.4.11"
dependencies = []

[[package]]
name = "data-oriented-house/squash"
version = "5.0.0"
dependencies = []

[[package]]
name = "evaera/promise"
version = "4.0.0"
dependencies = []

[[package]]
name = "howmanysmall/janitor"
version = "1.18.3"
dependencies = [["Promise", "howmanysmall/typed-promise@4.0.6"]]

[[package]]
name = "howmanysmall/typed-promise"
version = "4.0.6"
dependencies = [["Promise", "evaera/promise@4.0.0"]]

[[package]]
name = "kaspar/syncedstores"
version = "0.1.0"
dependencies = [["Charm", "littensy/charm@0.11.0-rc.6"], ["CharmSync", "littensy/charm-sync@0.4.0-rc.7"], ["Janitor", "howmanysmall/janitor@1.18.3"], ["Lyra", "010devx101/lyra@0.6.3"], ["PromiseTyped", "maximumadhd/promise-typed@1.0.0"], ["Ripple", "littensy/vide-ripple@0.10.2"], ["Squash", "data-oriented-house/squash@5.0.0"], ["TableUtil", "sleitnick/table-util@1.2.1"], ["TypedRemote", "sleitnick/typed-remote@0.3.0"], ["Vide", "centau/vide@0.4.0"], ["VideCharm", "littensy/vide-charm@0.4.0-rc.5"], ["WaitFor", "sleitnick/wait-for@1.0.0"], ["gt", "corecii/greentea@0.4.11"]]

[[package]]
name = "littensy/charm"
version = "0.11.0-rc.6"
dependencies = []

[[package]]
name = "littensy/charm-sync"
version = "0.4.0-rc.7"
dependencies = [["Charm", "littensy/charm@0.11.0-rc.6"]]

[[package]]
name = "littensy/ripple"
version = "0.10.2"
dependencies = []

[[package]]
name = "littensy/vide-charm"
version = "0.4.0-rc.5"
dependencies = [["Charm", "littensy/charm@0.11.0-rc.6"], ["Vide", "centau/vide@0.4.0"]]

[[package]]
name = "littensy/vide-ripple"
version = "0.10.2"
dependencies = [["Ripple", "littensy/ripple@0.10.2"], ["Vide", "centau/vide@0.4.0"]]

[[package]]
name = "maximumadhd/promise-typed"
version = "1.0.0"
dependencies = [["PromiseBase", "evaera/promise@4.0.0"]]

[[package]]
name = "sleitnick/table-util"
version = "1.2.1"
dependencies = []

[[package]]
name = "sleitnick/typed-remote"
version = "0.3.0"
dependencies = []

[[package]]
name = "sleitnick/wait-for"
version = "1.0.0"
dependencies = [["Promise", "evaera/promise@4.0.0"]]
